
Microsoft Visual Studio Solution File, Format Version 12.00
# Visual Studio Version 16
VisualStudioVersion = 16.0.30611.23
MinimumVisualStudioVersion = 10.0.40219.1
Project("{8BC9CEB8-8B4A-11D0-8D11-00A0C91BC942}") = "lab9_4", "lab9_4.vcxproj", "{BAD787AB-FD61-4C40-8247-74691A74A1ED}"
EndProject
Global
	GlobalSection(SolutionConfigurationPlatforms) = preSolution
		Debug|x64 = Debug|x64
		Debug|x86 = Debug|x86
		Release|x64 = Release|x64
		Release|x86 = Release|x86
	EndGlobalSection
	GlobalSection(ProjectConfigurationPlatforms) = postSolution
		{BAD787AB-FD61-4C40-8247-74691A74A1ED}.Debug|x64.ActiveCfg = Debug|x64
		{BAD787AB-FD61-4C40-8247-74691A74A1ED}.Debug|x64.Build.0 = Debug|x64
		{BAD787AB-FD61-4C40-8247-74691A74A1ED}.Debug|x86.ActiveCfg = Debug|Win32
		{BAD787AB-FD61-4C40-8247-74691A74A1ED}.Debug|x86.Build.0 = Debug|Win32
		{BAD787AB-FD61-4C40-8247-74691A74A1ED}.Release|x64.ActiveCfg = Release|x64
		{BAD787AB-FD61-4C40-8247-74691A74A1ED}.Release|x64.Build.0 = Release|x64
		{BAD787AB-FD61-4C40-8247-74691A74A1ED}.Release|x86.ActiveCfg = Release|Win32
		{BAD787AB-FD61-4C40-8247-74691A74A1ED}.Release|x86.Build.0 = Release|Win32
	EndGlobalSection
	GlobalSection(SolutionProperties) = preSolution
		HideSolutionNode = FALSE
	EndGlobalSection
	GlobalSection(ExtensibilityGlobals) = postSolution
		SolutionGuid = {C4D75F8D-A6F6-4CB1-A876-744A552453FF}
	EndGlobalSection
EndGlobal
