
Microsoft Visual Studio Solution File, Format Version 12.00
# Visual Studio Version 16
VisualStudioVersion = 16.0.30611.23
MinimumVisualStudioVersion = 10.0.40219.1
Project("{8BC9CEB8-8B4A-11D0-8D11-00A0C91BC942}") = "lab17_1", "lab17_1.vcxproj", "{4532B153-4290-48F8-A8F1-3EB5D409225D}"
EndProject
Global
	GlobalSection(SolutionConfigurationPlatforms) = preSolution
		Debug|x64 = Debug|x64
		Debug|x86 = Debug|x86
		Release|x64 = Release|x64
		Release|x86 = Release|x86
	EndGlobalSection
	GlobalSection(ProjectConfigurationPlatforms) = postSolution
		{4532B153-4290-48F8-A8F1-3EB5D409225D}.Debug|x64.ActiveCfg = Debug|x64
		{4532B153-4290-48F8-A8F1-3EB5D409225D}.Debug|x64.Build.0 = Debug|x64
		{4532B153-4290-48F8-A8F1-3EB5D409225D}.Debug|x86.ActiveCfg = Debug|Win32
		{4532B153-4290-48F8-A8F1-3EB5D409225D}.Debug|x86.Build.0 = Debug|Win32
		{4532B153-4290-48F8-A8F1-3EB5D409225D}.Release|x64.ActiveCfg = Release|x64
		{4532B153-4290-48F8-A8F1-3EB5D409225D}.Release|x64.Build.0 = Release|x64
		{4532B153-4290-48F8-A8F1-3EB5D409225D}.Release|x86.ActiveCfg = Release|Win32
		{4532B153-4290-48F8-A8F1-3EB5D409225D}.Release|x86.Build.0 = Release|Win32
	EndGlobalSection
	GlobalSection(SolutionProperties) = preSolution
		HideSolutionNode = FALSE
	EndGlobalSection
	GlobalSection(ExtensibilityGlobals) = postSolution
		SolutionGuid = {32AA66D3-B5F5-4945-B8B6-0606836BD687}
	EndGlobalSection
EndGlobal
